
Microsoft Visual Studio Solution File, Format Version 12.00
# Visual Studio 15
VisualStudioVersion = 15.0.27130.2027
MinimumVisualStudioVersion = 10.0.40219.1
Project("{FAE04EC0-301F-11D3-BF4B-00C04F79EFBC}") = "DigitalLibrary", "DigitalLibrary\DigitalLibrary.csproj", "{3BBF05C4-31CC-4EB2-8BBD-E8F5D2D77F4D}"
EndProject
Global
	GlobalSection(SolutionConfigurationPlatforms) = preSolution
		Debug|Any CPU = Debug|Any CPU
		Release|Any CPU = Release|Any CPU
	EndGlobalSection
	GlobalSection(ProjectConfigurationPlatforms) = postSolution
		{3BBF05C4-31CC-4EB2-8BBD-E8F5D2D77F4D}.Debug|Any CPU.ActiveCfg = Debug|Any CPU
		{3BBF05C4-31CC-4EB2-8BBD-E8F5D2D77F4D}.Debug|Any CPU.Build.0 = Debug|Any CPU
		{3BBF05C4-31CC-4EB2-8BBD-E8F5D2D77F4D}.Release|Any CPU.ActiveCfg = Release|Any CPU
		{3BBF05C4-31CC-4EB2-8BBD-E8F5D2D77F4D}.Release|Any CPU.Build.0 = Release|Any CPU
	EndGlobalSection
	GlobalSection(SolutionProperties) = preSolution
		HideSolutionNode = FALSE
	EndGlobalSection
	GlobalSection(ExtensibilityGlobals) = postSolution
		SolutionGuid = {4B3B4971-2E42-4663-8CA1-9A26B4C61E03}
	EndGlobalSection
EndGlobal
